
Microsoft Visual Studio Solution File, Format Version 12.00
# Visual Studio Version 17
VisualStudioVersion = 17.0.31903.59
MinimumVisualStudioVersion = 10.0.40219.1
Project("{2150E333-8FDC-42A3-9474-1A3956D46DE8}") = "Backend", "Backend", "{501ADEC1-3429-441A-8591-44954F355060}"
EndProject
Project("{2150E333-8FDC-42A3-9474-1A3956D46DE8}") = "Mobile", "Mobile", "{A12283B7-BEA9-4669-9FEC-6AD6C6963161}"
EndProject
Project("{2150E333-8FDC-42A3-9474-1A3956D46DE8}") = "Src", "Src", "{D0880EEE-FA7E-4E93-BFDB-5447EFFC5332}"
EndProject
Project("{2150E333-8FDC-42A3-9474-1A3956D46DE8}") = "Src", "Src", "{46FE3857-F9A2-410F-A82C-4048A983AE5B}"
EndProject
Project("{2150E333-8FDC-42A3-9474-1A3956D46DE8}") = "Core", "Core", "{AC8EA386-7AC4-4F49-832F-53540422A16C}"
EndProject
Project("{2150E333-8FDC-42A3-9474-1A3956D46DE8}") = "Infrastructure", "Infrastructure", "{F428C8BA-86FC-4045-82D5-2F39B71F9C44}"
EndProject
Project("{2150E333-8FDC-42A3-9474-1A3956D46DE8}") = "Web", "Web", "{E44E0303-EAEF-4EA9-8BB9-CADD9A9FF326}"
EndProject
Project("{2150E333-8FDC-42A3-9474-1A3956D46DE8}") = "Shared", "Shared", "{03D1D66A-8465-481F-A7C4-E5FDF5B1629B}"
EndProject
Project("{2150E333-8FDC-42A3-9474-1A3956D46DE8}") = "Src", "Src", "{64FF5179-93F1-49BE-9605-252AFEF4886F}"
EndProject
Project("{FAE04EC0-301F-11D3-BF4B-00C04F79EFBC}") = "Shared", "Shared\Src\Shared.csproj", "{B0A8773E-A82E-4F68-A1C0-C9A8F3CAAF24}"
EndProject
Project("{FAE04EC0-301F-11D3-BF4B-00C04F79EFBC}") = "Application", "Backend\Src\Application\Application.csproj", "{8548EC44-910D-4175-8063-5D52C93321EF}"
EndProject
Project("{FAE04EC0-301F-11D3-BF4B-00C04F79EFBC}") = "Domain", "Backend\Src\Domain\Domain.csproj", "{833B4E15-D5A1-4094-868D-13FC2EE74623}"
EndProject
Project("{FAE04EC0-301F-11D3-BF4B-00C04F79EFBC}") = "Infrastructure", "Backend\Src\Infrastructure\Infrastructure.csproj", "{B187DCB7-46A1-4D96-B739-136C25D32663}"
EndProject
Project("{FAE04EC0-301F-11D3-BF4B-00C04F79EFBC}") = "Server", "Backend\Src\Server\Server.csproj", "{BB00FCDF-7294-42ED-AE23-C978C2526A68}"
EndProject
Project("{FAE04EC0-301F-11D3-BF4B-00C04F79EFBC}") = "Mobile", "Mobile\Src\Mobile\Mobile.csproj", "{A16DA2AC-E553-4FA2-B5E2-795DE70FA293}"
EndProject
Global
	GlobalSection(SolutionConfigurationPlatforms) = preSolution
		Debug|Any CPU = Debug|Any CPU
		Release|Any CPU = Release|Any CPU
	EndGlobalSection
	GlobalSection(ProjectConfigurationPlatforms) = postSolution
		{B0A8773E-A82E-4F68-A1C0-C9A8F3CAAF24}.Debug|Any CPU.ActiveCfg = Debug|Any CPU
		{B0A8773E-A82E-4F68-A1C0-C9A8F3CAAF24}.Debug|Any CPU.Build.0 = Debug|Any CPU
		{B0A8773E-A82E-4F68-A1C0-C9A8F3CAAF24}.Release|Any CPU.ActiveCfg = Release|Any CPU
		{B0A8773E-A82E-4F68-A1C0-C9A8F3CAAF24}.Release|Any CPU.Build.0 = Release|Any CPU
		{8548EC44-910D-4175-8063-5D52C93321EF}.Debug|Any CPU.ActiveCfg = Debug|Any CPU
		{8548EC44-910D-4175-8063-5D52C93321EF}.Debug|Any CPU.Build.0 = Debug|Any CPU
		{8548EC44-910D-4175-8063-5D52C93321EF}.Release|Any CPU.ActiveCfg = Release|Any CPU
		{8548EC44-910D-4175-8063-5D52C93321EF}.Release|Any CPU.Build.0 = Release|Any CPU
		{833B4E15-D5A1-4094-868D-13FC2EE74623}.Debug|Any CPU.ActiveCfg = Debug|Any CPU
		{833B4E15-D5A1-4094-868D-13FC2EE74623}.Debug|Any CPU.Build.0 = Debug|Any CPU
		{833B4E15-D5A1-4094-868D-13FC2EE74623}.Release|Any CPU.ActiveCfg = Release|Any CPU
		{833B4E15-D5A1-4094-868D-13FC2EE74623}.Release|Any CPU.Build.0 = Release|Any CPU
		{B187DCB7-46A1-4D96-B739-136C25D32663}.Debug|Any CPU.ActiveCfg = Debug|Any CPU
		{B187DCB7-46A1-4D96-B739-136C25D32663}.Debug|Any CPU.Build.0 = Debug|Any CPU
		{B187DCB7-46A1-4D96-B739-136C25D32663}.Release|Any CPU.ActiveCfg = Release|Any CPU
		{B187DCB7-46A1-4D96-B739-136C25D32663}.Release|Any CPU.Build.0 = Release|Any CPU
		{BB00FCDF-7294-42ED-AE23-C978C2526A68}.Debug|Any CPU.ActiveCfg = Debug|Any CPU
		{BB00FCDF-7294-42ED-AE23-C978C2526A68}.Debug|Any CPU.Build.0 = Debug|Any CPU
		{BB00FCDF-7294-42ED-AE23-C978C2526A68}.Release|Any CPU.ActiveCfg = Release|Any CPU
		{BB00FCDF-7294-42ED-AE23-C978C2526A68}.Release|Any CPU.Build.0 = Release|Any CPU
		{A16DA2AC-E553-4FA2-B5E2-795DE70FA293}.Debug|Any CPU.ActiveCfg = Debug|Any CPU
		{A16DA2AC-E553-4FA2-B5E2-795DE70FA293}.Debug|Any CPU.Build.0 = Debug|Any CPU
		{A16DA2AC-E553-4FA2-B5E2-795DE70FA293}.Release|Any CPU.ActiveCfg = Release|Any CPU
		{A16DA2AC-E553-4FA2-B5E2-795DE70FA293}.Release|Any CPU.Build.0 = Release|Any CPU
	EndGlobalSection
	GlobalSection(SolutionProperties) = preSolution
		HideSolutionNode = FALSE
	EndGlobalSection
	GlobalSection(NestedProjects) = preSolution
		{D0880EEE-FA7E-4E93-BFDB-5447EFFC5332} = {501ADEC1-3429-441A-8591-44954F355060}
		{46FE3857-F9A2-410F-A82C-4048A983AE5B} = {A12283B7-BEA9-4669-9FEC-6AD6C6963161}
		{AC8EA386-7AC4-4F49-832F-53540422A16C} = {D0880EEE-FA7E-4E93-BFDB-5447EFFC5332}
		{F428C8BA-86FC-4045-82D5-2F39B71F9C44} = {D0880EEE-FA7E-4E93-BFDB-5447EFFC5332}
		{E44E0303-EAEF-4EA9-8BB9-CADD9A9FF326} = {D0880EEE-FA7E-4E93-BFDB-5447EFFC5332}
		{64FF5179-93F1-49BE-9605-252AFEF4886F} = {03D1D66A-8465-481F-A7C4-E5FDF5B1629B}
		{B0A8773E-A82E-4F68-A1C0-C9A8F3CAAF24} = {64FF5179-93F1-49BE-9605-252AFEF4886F}
		{8548EC44-910D-4175-8063-5D52C93321EF} = {AC8EA386-7AC4-4F49-832F-53540422A16C}
		{833B4E15-D5A1-4094-868D-13FC2EE74623} = {AC8EA386-7AC4-4F49-832F-53540422A16C}
		{B187DCB7-46A1-4D96-B739-136C25D32663} = {F428C8BA-86FC-4045-82D5-2F39B71F9C44}
		{BB00FCDF-7294-42ED-AE23-C978C2526A68} = {E44E0303-EAEF-4EA9-8BB9-CADD9A9FF326}
		{A16DA2AC-E553-4FA2-B5E2-795DE70FA293} = {46FE3857-F9A2-410F-A82C-4048A983AE5B}
	EndGlobalSection
EndGlobal
